
Microsoft Visual Studio Solution File, Format Version 12.00
# Visual Studio Version 17
VisualStudioVersion = 17.8.34330.188
MinimumVisualStudioVersion = 10.0.40219.1
Project("{FAE04EC0-301F-11D3-BF4B-00C04F79EFBC}") = "Console-ToDoList", "Console-ToDoList.csproj", "{5690E246-BD0E-488E-822A-01346826C002}"
EndProject
Global
	GlobalSection(SolutionConfigurationPlatforms) = preSolution
		Debug|Any CPU = Debug|Any CPU
		Release|Any CPU = Release|Any CPU
	EndGlobalSection
	GlobalSection(ProjectConfigurationPlatforms) = postSolution
		{5690E246-BD0E-488E-822A-01346826C002}.Debug|Any CPU.ActiveCfg = Debug|Any CPU
		{5690E246-BD0E-488E-822A-01346826C002}.Debug|Any CPU.Build.0 = Debug|Any CPU
		{5690E246-BD0E-488E-822A-01346826C002}.Release|Any CPU.ActiveCfg = Release|Any CPU
		{5690E246-BD0E-488E-822A-01346826C002}.Release|Any CPU.Build.0 = Release|Any CPU
	EndGlobalSection
	GlobalSection(SolutionProperties) = preSolution
		HideSolutionNode = FALSE
	EndGlobalSection
	GlobalSection(ExtensibilityGlobals) = postSolution
		SolutionGuid = {189BDF8F-1052-4D33-A0A1-C33E2C85F22E}
	EndGlobalSection
EndGlobal
